// !$*UTF8*$!
{
	archiveVersion = 1;
	classes = {
	};
	objectVersion = 55;
	objects = {

/* Begin PBXBuildFile section */
		C048D9CD275C1C6B001C69C3 /* AppDelegate.swift in Sources */ = {isa = PBXBuildFile; fileRef = C048D9CC275C1C6B001C69C3 /* AppDelegate.swift */; };
		C048D9CF275C1C6B001C69C3 /* GameScene.sks in Resources */ = {isa = PBXBuildFile; fileRef = C048D9CE275C1C6B001C69C3 /* GameScene.sks */; };
		C048D9D1275C1C6B001C69C3 /* Actions.sks in Resources */ = {isa = PBXBuildFile; fileRef = C048D9D0275C1C6B001C69C3 /* Actions.sks */; };
		C048D9D3275C1C6B001C69C3 /* GameScene.swift in Sources */ = {isa = PBXBuildFile; fileRef = C048D9D2275C1C6B001C69C3 /* GameScene.swift */; };
		C048D9D5275C1C6B001C69C3 /* GameViewController.swift in Sources */ = {isa = PBXBuildFile; fileRef = C048D9D4275C1C6B001C69C3 /* GameViewController.swift */; };
		C048D9D8275C1C6B001C69C3 /* Main.storyboard in Resources */ = {isa = PBXBuildFile; fileRef = C048D9D6275C1C6B001C69C3 /* Main.storyboard */; };
		C048D9DA275C1C6D001C69C3 /* Assets.xcassets in Resources */ = {isa = PBXBuildFile; fileRef = C048D9D9275C1C6D001C69C3 /* Assets.xcassets */; };
		C048D9DD275C1C6D001C69C3 /* LaunchScreen.storyboard in Resources */ = {isa = PBXBuildFile; fileRef = C048D9DB275C1C6D001C69C3 /* LaunchScreen.storyboard */; };
/* End PBXBuildFile section */

/* Begin PBXFileReference section */
		C048D9C9275C1C6B001C69C3 /* WaterSimulation.app */ = {isa = PBXFileReference; explicitFileType = wrapper.application; includeInIndex = 0; path = WaterSimulation.app; sourceTree = BUILT_PRODUCTS_DIR; };
		C048D9CC275C1C6B001C69C3 /* AppDelegate.swift */ = {isa = PBXFileReference; lastKnownFileType = sourcecode.swift; path = AppDelegate.swift; sourceTree = "<group>"; };
		C048D9CE275C1C6B001C69C3 /* GameScene.sks */ = {isa = PBXFileReference; lastKnownFileType = file.sks; path = GameScene.sks; sourceTree = "<group>"; };
		C048D9D0275C1C6B001C69C3 /* Actions.sks */ = {isa = PBXFileReference; lastKnownFileType = file.sks; path = Actions.sks; sourceTree = "<group>"; };
		C048D9D2275C1C6B001C69C3 /* GameScene.swift */ = {isa = PBXFileReference; lastKnownFileType = sourcecode.swift; path = GameScene.swift; sourceTree = "<group>"; };
		C048D9D4275C1C6B001C69C3 /* GameViewController.swift */ = {isa = PBXFileReference; lastKnownFileType = sourcecode.swift; path = GameViewController.swift; sourceTree = "<group>"; };
		C048D9D7275C1C6B001C69C3 /* Base */ = {isa = PBXFileReference; lastKnownFileType = file.storyboard; name = Base; path = Base.lproj/Main.storyboard; sourceTree = "<group>"; };
		C048D9D9275C1C6D001C69C3 /* Assets.xcassets */ = {isa = PBXFileReference; lastKnownFileType = folder.assetcatalog; path = Assets.xcassets; sourceTree = "<group>"; };
		C048D9DC275C1C6D001C69C3 /* Base */ = {isa = PBXFileReference; lastKnownFileType = file.storyboard; name = Base; path = Base.lproj/LaunchScreen.storyboard; sourceTree = "<group>"; };
/* End PBXFileReference section */

/* Begin PBXFrameworksBuildPhase section */
		C048D9C6275C1C6B001C69C3 /* Frameworks */ = {
			isa = PBXFrameworksBuildPhase;
			buildActionMask = 2147483647;
			files = (
			);
			runOnlyForDeploymentPostprocessing = 0;
		};
/* End PBXFrameworksBuildPhase section */

/* Begin PBXGroup section */
		C048D9C0275C1C6B001C69C3 = {
			isa = PBXGroup;
			children = (
				C048D9CB275C1C6B001C69C3 /* WaterSimulation */,
				C048D9CA275C1C6B001C69C3 /* Products */,
			);
			sourceTree = "<group>";
		};
		C048D9CA275C1C6B001C69C3 /* Products */ = {
			isa = PBXGroup;
			children = (
				C048D9C9275C1C6B001C69C3 /* WaterSimulation.app */,
			);
			name = Products;
			sourceTree = "<group>";
		};
		C048D9CB275C1C6B001C69C3 /* WaterSimulation */ = {
			isa = PBXGroup;
			children = (
				C048D9CC275C1C6B001C69C3 /* AppDelegate.swift */,
				C048D9CE275C1C6B001C69C3 /* GameScene.sks */,
				C048D9D0275C1C6B001C69C3 /* Actions.sks */,
				C048D9D2275C1C6B001C69C3 /* GameScene.swift */,
				C048D9D4275C1C6B001C69C3 /* GameViewController.swift */,
				C048D9D6275C1C6B001C69C3 /* Main.storyboard */,
				C048D9D9275C1C6D001C69C3 /* Assets.xcassets */,
				C048D9DB275C1C6D001C69C3 /* LaunchScreen.storyboard */,
			);
			path = WaterSimulation;
			sourceTree = "<group>";
		};
/* End PBXGroup section */

/* Begin PBXNativeTarget section */
		C048D9C8275C1C6B001C69C3 /* WaterSimulation */ = {
			isa = PBXNativeTarget;
			buildConfigurationList = C048D9E0275C1C6D001C69C3 /* Build configuration list for PBXNativeTarget "WaterSimulation" */;
			buildPhases = (
				C048D9C5275C1C6B001C69C3 /* Sources */,
				C048D9C6275C1C6B001C69C3 /* Frameworks */,
				C048D9C7275C1C6B001C69C3 /* Resources */,
			);
			buildRules = (
			);
			dependencies = (
			);
			name = WaterSimulation;
			productName = WaterSimulation;
			productReference = C048D9C9275C1C6B001C69C3 /* WaterSimulation.app */;
			productType = "com.apple.product-type.application";
		};
/* End PBXNativeTarget section */

/* Begin PBXProject section */
		C048D9C1275C1C6B001C69C3 /* Project object */ = {
			isa = PBXProject;
			attributes = {
				BuildIndependentTargetsInParallel = 1;
				LastSwiftUpdateCheck = 1300;
				LastUpgradeCheck = 1300;
				TargetAttributes = {
					C048D9C8275C1C6B001C69C3 = {
						CreatedOnToolsVersion = 13.0;
					};
				};
			};
			buildConfigurationList = C048D9C4275C1C6B001C69C3 /* Build configuration list for PBXProject "WaterSimulation" */;
			compatibilityVersion = "Xcode 13.0";
			developmentRegion = en;
			hasScannedForEncodings = 0;
			knownRegions = (
				en,
				Base,
			);
			mainGroup = C048D9C0275C1C6B001C69C3;
			productRefGroup = C048D9CA275C1C6B001C69C3 /* Products */;
			projectDirPath = "";
			projectRoot = "";
			targets = (
				C048D9C8275C1C6B001C69C3 /* WaterSimulation */,
			);
		};
/* End PBXProject section */

/* Begin PBXResourcesBuildPhase section */
		C048D9C7275C1C6B001C69C3 /* Resources */ = {
			isa = PBXResourcesBuildPhase;
			buildActionMask = 2147483647;
			files = (
				C048D9D8275C1C6B001C69C3 /* Main.storyboard in Resources */,
				C048D9CF275C1C6B001C69C3 /* GameScene.sks in Resources */,
				C048D9DA275C1C6D001C69C3 /* Assets.xcassets in Resources */,
				C048D9DD275C1C6D001C69C3 /* LaunchScreen.storyboard in Resources */,
				C048D9D1275C1C6B001C69C3 /* Actions.sks in Resources */,
			);
			runOnlyForDeploymentPostprocessing = 0;
		};
/* End PBXResourcesBuildPhase section */

/* Begin PBXSourcesBuildPhase section */
		C048D9C5275C1C6B001C69C3 /* Sources */ = {
			isa = PBXSourcesBuildPhase;
			buildActionMask = 2147483647;
			files = (
				C048D9D3275C1C6B001C69C3 /* GameScene.swift in Sources */,
				C048D9D5275C1C6B001C69C3 /* GameViewController.swift in Sources */,
				C048D9CD275C1C6B001C69C3 /* AppDelegate.swift in Sources */,
			);
			runOnlyForDeploymentPostprocessing = 0;
		};
/* End PBXSourcesBuildPhase section */

/* Begin PBXVariantGroup section */
		C048D9D6275C1C6B001C69C3 /* Main.storyboard */ = {
			isa = PBXVariantGroup;
			children = (
				C048D9D7275C1C6B001C69C3 /* Base */,
			);
			name = Main.storyboard;
			sourceTree = "<group>";
		};
		C048D9DB275C1C6D001C69C3 /* LaunchScreen.storyboard */ = {
			isa = PBXVariantGroup;
			children = (
				C048D9DC275C1C6D001C69C3 /* Base */,
			);
			name = LaunchScreen.storyboard;
			sourceTree = "<group>";
		};
/* End PBXVariantGroup section */

/* Begin XCBuildConfiguration section */
		C048D9DE275C1C6D001C69C3 /* Debug */ = {
			isa = XCBuildConfiguration;
			buildSettings = {
				ALWAYS_SEARCH_USER_PATHS = NO;
				CLANG_ANALYZER_NONNULL = YES;
				CLANG_ANALYZER_NUMBER_OBJECT_CONVERSION = YES_AGGRESSIVE;
				CLANG_CXX_LANGUAGE_STANDARD = "gnu++17";
				CLANG_CXX_LIBRARY = "libc++";
				CLANG_ENABLE_MODULES = YES;
				CLANG_ENABLE_OBJC_ARC = YES;
				CLANG_ENABLE_OBJC_WEAK = YES;
				CLANG_WARN_BLOCK_CAPTURE_AUTORELEASING = YES;
				CLANG_WARN_BOOL_CONVERSION = YES;
				CLANG_WARN_COMMA = YES;
				CLANG_WARN_CONSTANT_CONVERSION = YES;
				CLANG_WARN_DEPRECATED_OBJC_IMPLEMENTATIONS = YES;
				CLANG_WARN_DIRECT_OBJC_ISA_USAGE = YES_ERROR;
				CLANG_WARN_DOCUMENTATION_COMMENTS = YES;
				CLANG_WARN_EMPTY_BODY = YES;
				CLANG_WARN_ENUM_CONVERSION = YES;
				CLANG_WARN_INFINITE_RECURSION = YES;
				CLANG_WARN_INT_CONVERSION = YES;
				CLANG_WARN_NON_LITERAL_NULL_CONVERSION = YES;
				CLANG_WARN_OBJC_IMPLICIT_RETAIN_SELF = YES;
				CLANG_WARN_OBJC_LITERAL_CONVERSION = YES;
				CLANG_WARN_OBJC_ROOT_CLASS = YES_ERROR;
				CLANG_WARN_QUOTED_INCLUDE_IN_FRAMEWORK_HEADER = YES;
				CLANG_WARN_RANGE_LOOP_ANALYSIS = YES;
				CLANG_WARN_STRICT_PROTOTYPES = YES;
				CLANG_WARN_SUSPICIOUS_MOVE = YES;
				CLANG_WARN_UNGUARDED_AVAILABILITY = YES_AGGRESSIVE;
				CLANG_WARN_UNREACHABLE_CODE = YES;
				CLANG_WARN__DUPLICATE_METHOD_MATCH = YES;
				COPY_PHASE_STRIP = NO;
				DEBUG_INFORMATION_FORMAT = dwarf;
				ENABLE_STRICT_OBJC_MSGSEND = YES;
				ENABLE_TESTABILITY = YES;
				GCC_C_LANGUAGE_STANDARD = gnu11;
				GCC_DYNAMIC_NO_PIC = NO;
				GCC_NO_COMMON_BLOCKS = YES;
				GCC_OPTIMIZATION_LEVEL = 0;
				GCC_PREPROCESSOR_DEFINITIONS = (
					"DEBUG=1",
					"$(inherited)",
				);
				GCC_WARN_64_TO_32_BIT_CONVERSION = YES;
				GCC_WARN_ABOUT_RETURN_TYPE = YES_ERROR;
				GCC_WARN_UNDECLARED_SELECTOR = YES;
				GCC_WARN_UNINITIALIZED_AUTOS = YES_AGGRESSIVE;
				GCC_WARN_UNUSED_FUNCTION = YES;
				GCC_WARN_UNUSED_VARIABLE = YES;
				IPHONEOS_DEPLOYMENT_TARGET = 15.0;
				MTL_ENABLE_DEBUG_INFO = INCLUDE_SOURCE;
				MTL_FAST_MATH = YES;
				ONLY_ACTIVE_ARCH = YES;
				SDKROOT = iphoneos;
				SWIFT_ACTIVE_COMPILATION_CONDITIONS = DEBUG;
				SWIFT_OPTIMIZATION_LEVEL = "-Onone";
			};
			name = Debug;
		};
		C048D9DF275C1C6D001C69C3 /* Release */ = {
			isa = XCBuildConfiguration;
			buildSettings = {
				ALWAYS_SEARCH_USER_PATHS = NO;
				CLANG_ANALYZER_NONNULL = YES;
				CLANG_ANALYZER_NUMBER_OBJECT_CONVERSION = YES_AGGRESSIVE;
				CLANG_CXX_LANGUAGE_STANDARD = "gnu++17";
				CLANG_CXX_LIBRARY = "libc++";
				CLANG_ENABLE_MODULES = YES;
				CLANG_ENABLE_OBJC_ARC = YES;
				CLANG_ENABLE_OBJC_WEAK = YES;
				CLANG_WARN_BLOCK_CAPTURE_AUTORELEASING = YES;
				CLANG_WARN_BOOL_CONVERSION = YES;
				CLANG_WARN_COMMA = YES;
				CLANG_WARN_CONSTANT_CONVERSION = YES;
				CLANG_WARN_DEPRECATED_OBJC_IMPLEMENTATIONS = YES;
				CLANG_WARN_DIRECT_OBJC_ISA_USAGE = YES_ERROR;
				CLANG_WARN_DOCUMENTATION_COMMENTS = YES;
				CLANG_WARN_EMPTY_BODY = YES;
				CLANG_WARN_ENUM_CONVERSION = YES;
				CLANG_WARN_INFINITE_RECURSION = YES;
				CLANG_WARN_INT_CONVERSION = YES;
				CLANG_WARN_NON_LITERAL_NULL_CONVERSION = YES;
				CLANG_WARN_OBJC_IMPLICIT_RETAIN_SELF = YES;
				CLANG_WARN_OBJC_LITERAL_CONVERSION = YES;
				CLANG_WARN_OBJC_ROOT_CLASS = YES_ERROR;
				CLANG_WARN_QUOTED_INCLUDE_IN_FRAMEWORK_HEADER = YES;
				CLANG_WARN_RANGE_LOOP_ANALYSIS = YES;
				CLANG_WARN_STRICT_PROTOTYPES = YES;
				CLANG_WARN_SUSPICIOUS_MOVE = YES;
				CLANG_WARN_UNGUARDED_AVAILABILITY = YES_AGGRESSIVE;
				CLANG_WARN_UNREACHABLE_CODE = YES;
				CLANG_WARN__DUPLICATE_METHOD_MATCH = YES;
				COPY_PHASE_STRIP = NO;
				DEBUG_INFORMATION_FORMAT = "dwarf-with-dsym";
				ENABLE_NS_ASSERTIONS = NO;
				ENABLE_STRICT_OBJC_MSGSEND = YES;
				GCC_C_LANGUAGE_STANDARD = gnu11;
				GCC_NO_COMMON_BLOCKS = YES;
				GCC_WARN_64_TO_32_BIT_CONVERSION = YES;
				GCC_WARN_ABOUT_RETURN_TYPE = YES_ERROR;
				GCC_WARN_UNDECLARED_SELECTOR = YES;
				GCC_WARN_UNINITIALIZED_AUTOS = YES_AGGRESSIVE;
				GCC_WARN_UNUSED_FUNCTION = YES;
				GCC_WARN_UNUSED_VARIABLE = YES;
				IPHONEOS_DEPLOYMENT_TARGET = 15.0;
				MTL_ENABLE_DEBUG_INFO = NO;
				MTL_FAST_MATH = YES;
				SDKROOT = iphoneos;
				SWIFT_COMPILATION_MODE = wholemodule;
				SWIFT_OPTIMIZATION_LEVEL = "-O";
				VALIDATE_PRODUCT = YES;
			};
			name = Release;
		};
		C048D9E1275C1C6D001C69C3 /* Debug */ = {
			isa = XCBuildConfiguration;
			buildSettings = {
				ASSETCATALOG_COMPILER_APPICON_NAME = AppIcon;
				ASSETCATALOG_COMPILER_GLOBAL_ACCENT_COLOR_NAME = AccentColor;
				CODE_SIGN_STYLE = Automatic;
				CURRENT_PROJECT_VERSION = 1;
				DEVELOPMENT_TEAM = D9FBK2WPJX;
				GENERATE_INFOPLIST_FILE = YES;
				INFOPLIST_KEY_UIApplicationSupportsIndirectInputEvents = YES;
				INFOPLIST_KEY_UILaunchStoryboardName = LaunchScreen;
				INFOPLIST_KEY_UIMainStoryboardFile = Main;
				INFOPLIST_KEY_UIStatusBarHidden = YES;
				INFOPLIST_KEY_UISupportedInterfaceOrientations_iPad = "UIInterfaceOrientationPortrait UIInterfaceOrientationPortraitUpsideDown UIInterfaceOrientationLandscapeLeft UIInterfaceOrientationLandscapeRight";
				INFOPLIST_KEY_UISupportedInterfaceOrientations_iPhone = "UIInterfaceOrientationPortrait UIInterfaceOrientationLandscapeLeft UIInterfaceOrientationLandscapeRight";
				LD_RUNPATH_SEARCH_PATHS = (
					"$(inherited)",
					"@executable_path/Frameworks",
				);
				MARKETING_VERSION = 1.0;
				PRODUCT_BUNDLE_IDENTIFIER = enzomaruffa.tests.WaterSimulation;
				PRODUCT_NAME = "$(TARGET_NAME)";
				SWIFT_EMIT_LOC_STRINGS = YES;
				SWIFT_VERSION = 5.0;
				TARGETED_DEVICE_FAMILY = "1,2";
			};
			name = Debug;
		};
		C048D9E2275C1C6D001C69C3 /* Release */ = {
			isa = XCBuildConfiguration;
			buildSettings = {
				ASSETCATALOG_COMPILER_APPICON_NAME = AppIcon;
				ASSETCATALOG_COMPILER_GLOBAL_ACCENT_COLOR_NAME = AccentColor;
				CODE_SIGN_STYLE = Automatic;
				CURRENT_PROJECT_VERSION = 1;
				DEVELOPMENT_TEAM = D9FBK2WPJX;
				GENERATE_INFOPLIST_FILE = YES;
				INFOPLIST_KEY_UIApplicationSupportsIndirectInputEvents = YES;
				INFOPLIST_KEY_UILaunchStoryboardName = LaunchScreen;
				INFOPLIST_KEY_UIMainStoryboardFile = Main;
				INFOPLIST_KEY_UIStatusBarHidden = YES;
				INFOPLIST_KEY_UISupportedInterfaceOrientations_iPad = "UIInterfaceOrientationPortrait UIInterfaceOrientationPortraitUpsideDown UIInterfaceOrientationLandscapeLeft UIInterfaceOrientationLandscapeRight";
				INFOPLIST_KEY_UISupportedInterfaceOrientations_iPhone = "UIInterfaceOrientationPortrait UIInterfaceOrientationLandscapeLeft UIInterfaceOrientationLandscapeRight";
				LD_RUNPATH_SEARCH_PATHS = (
					"$(inherited)",
					"@executable_path/Frameworks",
				);
				MARKETING_VERSION = 1.0;
				PRODUCT_BUNDLE_IDENTIFIER = enzomaruffa.tests.WaterSimulation;
				PRODUCT_NAME = "$(TARGET_NAME)";
				SWIFT_EMIT_LOC_STRINGS = YES;
				SWIFT_VERSION = 5.0;
				TARGETED_DEVICE_FAMILY = "1,2";
			};
			name = Release;
		};
/* End XCBuildConfiguration section */

/* Begin XCConfigurationList section */
		C048D9C4275C1C6B001C69C3 /* Build configuration list for PBXProject "WaterSimulation" */ = {
			isa = XCConfigurationList;
			buildConfigurations = (
				C048D9DE275C1C6D001C69C3 /* Debug */,
				C048D9DF275C1C6D001C69C3 /* Release */,
			);
			defaultConfigurationIsVisible = 0;
			defaultConfigurationName = Release;
		};
		C048D9E0275C1C6D001C69C3 /* Build configuration list for PBXNativeTarget "WaterSimulation" */ = {
			isa = XCConfigurationList;
			buildConfigurations = (
				C048D9E1275C1C6D001C69C3 /* Debug */,
				C048D9E2275C1C6D001C69C3 /* Release */,
			);
			defaultConfigurationIsVisible = 0;
			defaultConfigurationName = Release;
		};
/* End XCConfigurationList section */
	};
	rootObject = C048D9C1275C1C6B001C69C3 /* Project object */;
}
